
Microsoft Visual Studio Solution File, Format Version 12.00
# Visual Studio Version 16
VisualStudioVersion = 16.0.30503.244
MinimumVisualStudioVersion = 10.0.40219.1
Project("{FAE04EC0-301F-11D3-BF4B-00C04F79EFBC}") = "CSharp7Demo", "CSharp7Demo\CSharp7Demo.csproj", "{BD3FD46B-87C0-4322-93A3-0A2D1021AF32}"
EndProject
Global
	GlobalSection(SolutionConfigurationPlatforms) = preSolution
		Debug|Any CPU = Debug|Any CPU
		Release|Any CPU = Release|Any CPU
	EndGlobalSection
	GlobalSection(ProjectConfigurationPlatforms) = postSolution
		{BD3FD46B-87C0-4322-93A3-0A2D1021AF32}.Debug|Any CPU.ActiveCfg = Debug|Any CPU
		{BD3FD46B-87C0-4322-93A3-0A2D1021AF32}.Debug|Any CPU.Build.0 = Debug|Any CPU
		{BD3FD46B-87C0-4322-93A3-0A2D1021AF32}.Release|Any CPU.ActiveCfg = Release|Any CPU
		{BD3FD46B-87C0-4322-93A3-0A2D1021AF32}.Release|Any CPU.Build.0 = Release|Any CPU
	EndGlobalSection
	GlobalSection(SolutionProperties) = preSolution
		HideSolutionNode = FALSE
	EndGlobalSection
	GlobalSection(ExtensibilityGlobals) = postSolution
		SolutionGuid = {914DA47C-7EDC-45BC-9D94-C6949F54C967}
	EndGlobalSection
EndGlobal
